
Microsoft Visual Studio Solution File, Format Version 12.00
# Visual Studio Version 17
VisualStudioVersion = 17.4.33110.190
MinimumVisualStudioVersion = 10.0.40219.1
Project("{FAE04EC0-301F-11D3-BF4B-00C04F79EFBC}") = "WebApiFirst", "WebApiFirst.csproj", "{3AC49ED2-BE4A-4E85-B7EF-7AB916D3BB5F}"
EndProject
Global
	GlobalSection(SolutionConfigurationPlatforms) = preSolution
		Debug|Any CPU = Debug|Any CPU
		Release|Any CPU = Release|Any CPU
	EndGlobalSection
	GlobalSection(ProjectConfigurationPlatforms) = postSolution
		{3AC49ED2-BE4A-4E85-B7EF-7AB916D3BB5F}.Debug|Any CPU.ActiveCfg = Debug|Any CPU
		{3AC49ED2-BE4A-4E85-B7EF-7AB916D3BB5F}.Debug|Any CPU.Build.0 = Debug|Any CPU
		{3AC49ED2-BE4A-4E85-B7EF-7AB916D3BB5F}.Release|Any CPU.ActiveCfg = Release|Any CPU
		{3AC49ED2-BE4A-4E85-B7EF-7AB916D3BB5F}.Release|Any CPU.Build.0 = Release|Any CPU
	EndGlobalSection
	GlobalSection(SolutionProperties) = preSolution
		HideSolutionNode = FALSE
	EndGlobalSection
	GlobalSection(ExtensibilityGlobals) = postSolution
		SolutionGuid = {9D2DBFC0-79A5-4158-9736-DB04D0B9B5BF}
	EndGlobalSection
EndGlobal
